
Microsoft Visual Studio Solution File, Format Version 12.00
# Visual Studio Version 16
VisualStudioVersion = 16.0.29613.14
MinimumVisualStudioVersion = 10.0.40219.1
Project("{FAE04EC0-301F-11D3-BF4B-00C04F79EFBC}") = "WAD", "WAD\WAD.csproj", "{94A1E2BA-469D-4559-9E8D-2CB602743DD3}"
EndProject
Project("{FAE04EC0-301F-11D3-BF4B-00C04F79EFBC}") = "DAL", "DAL\DAL.csproj", "{48EDBA39-97B0-4497-955E-93D69A89F21E}"
EndProject
Global
	GlobalSection(SolutionConfigurationPlatforms) = preSolution
		Debug|Any CPU = Debug|Any CPU
		Release|Any CPU = Release|Any CPU
	EndGlobalSection
	GlobalSection(ProjectConfigurationPlatforms) = postSolution
		{94A1E2BA-469D-4559-9E8D-2CB602743DD3}.Debug|Any CPU.ActiveCfg = Debug|Any CPU
		{94A1E2BA-469D-4559-9E8D-2CB602743DD3}.Debug|Any CPU.Build.0 = Debug|Any CPU
		{94A1E2BA-469D-4559-9E8D-2CB602743DD3}.Release|Any CPU.ActiveCfg = Release|Any CPU
		{94A1E2BA-469D-4559-9E8D-2CB602743DD3}.Release|Any CPU.Build.0 = Release|Any CPU
		{48EDBA39-97B0-4497-955E-93D69A89F21E}.Debug|Any CPU.ActiveCfg = Debug|Any CPU
		{48EDBA39-97B0-4497-955E-93D69A89F21E}.Debug|Any CPU.Build.0 = Debug|Any CPU
		{48EDBA39-97B0-4497-955E-93D69A89F21E}.Release|Any CPU.ActiveCfg = Release|Any CPU
		{48EDBA39-97B0-4497-955E-93D69A89F21E}.Release|Any CPU.Build.0 = Release|Any CPU
	EndGlobalSection
	GlobalSection(SolutionProperties) = preSolution
		HideSolutionNode = FALSE
	EndGlobalSection
	GlobalSection(ExtensibilityGlobals) = postSolution
		SolutionGuid = {51703BEF-7100-41BE-8CFE-909223BDFF0C}
	EndGlobalSection
EndGlobal
